{
  "lockfile_version": "1",
  "packages": {
    "go-task@latest": {
      "last_modified": "2024-10-13T23:44:06Z",
      "resolved": "github:NixOS/nixpkgs/d4f247e89f6e10120f911e2e2d2254a050d0f732#go-task",
      "source": "devbox-search",
      "version": "3.39.2",
      "systems": {
        "aarch64-darwin": {
          "outputs": [
            {
              "name": "out",
              "path": "/nix/store/aqcr7jv0m2s8nz481ay310i0dh4mbj48-go-task-3.39.2",
              "default": true
            }
          ],
          "store_path": "/nix/store/aqcr7jv0m2s8nz481ay310i0dh4mbj48-go-task-3.39.2"
        },
        "aarch64-linux": {
          "outputs": [
            {
              "name": "out",
              "path": "/nix/store/08haalp24y68v0krddls5c18hcl6n80p-go-task-3.39.2",
              "default": true
            }
          ],
          "store_path": "/nix/store/08haalp24y68v0krddls5c18hcl6n80p-go-task-3.39.2"
        },
        "x86_64-darwin": {
          "outputs": [
            {
              "name": "out",
              "path": "/nix/store/n6qmzm7h0vdj87qz3bfay17cfrhm3bki-go-task-3.39.2",
              "default": true
            }
          ],
          "store_path": "/nix/store/n6qmzm7h0vdj87qz3bfay17cfrhm3bki-go-task-3.39.2"
        },
        "x86_64-linux": {
          "outputs": [
            {
              "name": "out",
              "path": "/nix/store/sxlbgmc56mkv64rn772rczpin8vjn6lp-go-task-3.39.2",
              "default": true
            }
          ],
          "store_path": "/nix/store/sxlbgmc56mkv64rn772rczpin8vjn6lp-go-task-3.39.2"
        }
      }
    },
    "go@latest": {
      "last_modified": "2024-10-13T23:44:06Z",
      "resolved": "github:NixOS/nixpkgs/d4f247e89f6e10120f911e2e2d2254a050d0f732#go",
      "source": "devbox-search",
      "version": "1.23.2",
      "systems": {
        "aarch64-darwin": {
          "outputs": [
            {
              "name": "out",
              "path": "/nix/store/35jikx2wg5r0qj47sic0p99bqnmwi6cn-go-1.23.2",
              "default": true
            }
          ],
          "store_path": "/nix/store/35jikx2wg5r0qj47sic0p99bqnmwi6cn-go-1.23.2"
        },
        "aarch64-linux": {
          "outputs": [
            {
              "name": "out",
              "path": "/nix/store/6bx6d90kpy537yab22wja70ibpp4gkww-go-1.23.2",
              "default": true
            }
          ],
          "store_path": "/nix/store/6bx6d90kpy537yab22wja70ibpp4gkww-go-1.23.2"
        },
        "x86_64-darwin": {
          "outputs": [
            {
              "name": "out",
              "path": "/nix/store/yi89mimkmw48qhzrll1aaibxbvllpsjv-go-1.23.2",
              "default": true
            }
          ],
          "store_path": "/nix/store/yi89mimkmw48qhzrll1aaibxbvllpsjv-go-1.23.2"
        },
        "x86_64-linux": {
          "outputs": [
            {
              "name": "out",
              "path": "/nix/store/klw1ipjsqx1np7pkk833x7sad7f3ivv9-go-1.23.2",
              "default": true
            }
          ],
          "store_path": "/nix/store/klw1ipjsqx1np7pkk833x7sad7f3ivv9-go-1.23.2"
        }
      }
    },
    "helix@latest": {
      "last_modified": "2024-10-13T23:44:06Z",
      "resolved": "github:NixOS/nixpkgs/d4f247e89f6e10120f911e2e2d2254a050d0f732#helix",
      "source": "devbox-search",
      "version": "24.07",
      "systems": {
        "aarch64-darwin": {
          "outputs": [
            {
              "name": "out",
              "path": "/nix/store/5cwkl3mvl3h0dqdxp1nsrjm11jq6cvhp-helix-24.07",
              "default": true
            }
          ],
          "store_path": "/nix/store/5cwkl3mvl3h0dqdxp1nsrjm11jq6cvhp-helix-24.07"
        },
        "aarch64-linux": {
          "outputs": [
            {
              "name": "out",
              "path": "/nix/store/c17wyrwy54m4vy862rll4d2zf59kngj8-helix-24.07",
              "default": true
            }
          ],
          "store_path": "/nix/store/c17wyrwy54m4vy862rll4d2zf59kngj8-helix-24.07"
        },
        "x86_64-darwin": {
          "outputs": [
            {
              "name": "out",
              "path": "/nix/store/pjk50hk1ixf57s8jdk859qal1zh44id3-helix-24.07",
              "default": true
            }
          ],
          "store_path": "/nix/store/pjk50hk1ixf57s8jdk859qal1zh44id3-helix-24.07"
        },
        "x86_64-linux": {
          "outputs": [
            {
              "name": "out",
              "path": "/nix/store/nilwgpyi9n5vqz8wy410i13hzg3y1k9w-helix-24.07",
              "default": true
            }
          ],
          "store_path": "/nix/store/nilwgpyi9n5vqz8wy410i13hzg3y1k9w-helix-24.07"
        }
      }
    },
    "pre-commit@latest": {
      "last_modified": "2024-10-23T22:21:09Z",
      "resolved": "github:NixOS/nixpkgs/6301495959cf1737c6ebcd153833e4c4596f56e2#pre-commit",
      "source": "devbox-search",
      "version": "4.0.1",
      "systems": {
        "aarch64-darwin": {
          "outputs": [
            {
              "name": "out",
              "path": "/nix/store/xnxr8a5wgzl1iqqyzx1fvlkd80ax3y7g-pre-commit-4.0.1",
              "default": true
            },
            {
              "name": "dist",
              "path": "/nix/store/fjxy7489pv2zcfcr1db5r9vy186xvi17-pre-commit-4.0.1-dist"
            }
          ],
          "store_path": "/nix/store/xnxr8a5wgzl1iqqyzx1fvlkd80ax3y7g-pre-commit-4.0.1"
        },
        "aarch64-linux": {
          "outputs": [
            {
              "name": "out",
              "path": "/nix/store/w7gwhwaz6ijg0rsisn5q9jqqh6kfrzmd-pre-commit-4.0.1",
              "default": true
            },
            {
              "name": "dist",
              "path": "/nix/store/7bv6iqpy3c8q614ss0r5bfk2qn7955jc-pre-commit-4.0.1-dist"
            }
          ],
          "store_path": "/nix/store/w7gwhwaz6ijg0rsisn5q9jqqh6kfrzmd-pre-commit-4.0.1"
        },
        "x86_64-darwin": {
          "outputs": [
            {
              "name": "out",
              "path": "/nix/store/9j6smdlyvw92asjdsa2bkx2dmd56x6v0-pre-commit-4.0.1",
              "default": true
            },
            {
              "name": "dist",
              "path": "/nix/store/6rn193qlyag10g8m7hjd3b8lm0sijffp-pre-commit-4.0.1-dist"
            }
          ],
          "store_path": "/nix/store/9j6smdlyvw92asjdsa2bkx2dmd56x6v0-pre-commit-4.0.1"
        },
        "x86_64-linux": {
          "outputs": [
            {
              "name": "out",
              "path": "/nix/store/62l1alph77x3d051zivy530mpdvkzi7c-pre-commit-4.0.1",
              "default": true
            },
            {
              "name": "dist",
              "path": "/nix/store/dxd5cifrhg553fkchg1qgcb4blqxg4iy-pre-commit-4.0.1-dist"
            }
          ],
          "store_path": "/nix/store/62l1alph77x3d051zivy530mpdvkzi7c-pre-commit-4.0.1"
        }
      }
    }
  }
}
